
Microsoft Visual Studio Solution File, Format Version 12.00
# Visual Studio 15
VisualStudioVersion = 15.0.28307.329
MinimumVisualStudioVersion = 10.0.40219.1
Project("{FAE04EC0-301F-11D3-BF4B-00C04F79EFBC}") = "WebApplication2", "WebApplication2\WebApplication2.csproj", "{CBE6E3B0-D13C-4FCC-98EB-4C230175170A}"
EndProject
Global
	GlobalSection(SolutionConfigurationPlatforms) = preSolution
		Debug|Any CPU = Debug|Any CPU
		Release|Any CPU = Release|Any CPU
	EndGlobalSection
	GlobalSection(ProjectConfigurationPlatforms) = postSolution
		{CBE6E3B0-D13C-4FCC-98EB-4C230175170A}.Debug|Any CPU.ActiveCfg = Debug|Any CPU
		{CBE6E3B0-D13C-4FCC-98EB-4C230175170A}.Debug|Any CPU.Build.0 = Debug|Any CPU
		{CBE6E3B0-D13C-4FCC-98EB-4C230175170A}.Release|Any CPU.ActiveCfg = Release|Any CPU
		{CBE6E3B0-D13C-4FCC-98EB-4C230175170A}.Release|Any CPU.Build.0 = Release|Any CPU
	EndGlobalSection
	GlobalSection(SolutionProperties) = preSolution
		HideSolutionNode = FALSE
	EndGlobalSection
	GlobalSection(ExtensibilityGlobals) = postSolution
		SolutionGuid = {5D15FA44-1574-4578-8B54-5EF63463EE4E}
	EndGlobalSection
EndGlobal
